{
  "name": "cartoscope-frontend",
  "version": "1.0.0",
  "lockfileVersion": 1,
  "requires": true,
  "dependencies": {
    "angucomplete-alt": {
      "version": "2.4.2",
      "resolved": "https://registry.npmjs.org/angucomplete-alt/-/angucomplete-alt-2.4.2.tgz",
      "integrity": "sha512-4Bisjjao7rURyi9ron+7IIau0NEYhJkj/da1cUQeGXms7Gy0U5ho/naPmdVV8MHs00PX4+lJo7iJdT4AMTJQEg=="
    },
    "angular": {
      "version": "1.5.8",
      "resolved": "https://registry.npmjs.org/angular/-/angular-1.5.8.tgz",
      "integrity": "sha512-NvzSfusQ5J70ZFVui9Y+sv453kkaqGuke3ZjLSzuKNnXJx5WytGSsJEDpoDmKUDKn3goiToVtu3ptW3nEBRs3Q=="
    },
    "angular-animate": {
      "version": "1.5.8",
      "resolved": "https://registry.npmjs.org/angular-animate/-/angular-animate-1.5.8.tgz",
      "integrity": "sha512-asU0Rs9I5eu2kAONcQsbcQDdJLBicPTNFfdV2X57w1MgtRG4tWnmWMIqmMdHmgmoAx1Rj+zwKLHPImjwLfLLpw=="
    },
    "angular-simple-logger": {
      "version": "0.1.7",
      "resolved": "https://registry.npmjs.org/angular-simple-logger/-/angular-simple-logger-0.1.7.tgz",
      "integrity": "sha512-PJhFNsaygeToEbDMax7anNpfr0Ba79qttY5v/TJyDSFOhLnktiMoWovlzApbJkp/Q5kQh0hjAAD/ts++Idqh1A==",
      "requires": {
        "angular": "^1.2",
        "debug": "^2.2.0"
      }
    },
    "angular-ui-router": {
      "version": "0.3.1",
      "resolved": "https://registry.npmjs.org/angular-ui-router/-/angular-ui-router-0.3.1.tgz",
      "integrity": "sha512-e2h6fmrziho+VGtooBU0jl7e0Tozuvb1A6WS9AeJgTDNVrAhkWMU483vtF4CDGHh2+WiRICHpOUxxg7lqgI11Q==",
      "requires": {
        "angular": "^1.0.8"
      }
    },
    "bootstrap": {
      "version": "3.3.7",
      "resolved": "https://registry.npmjs.org/bootstrap/-/bootstrap-3.3.7.tgz",
      "integrity": "sha512-qcFaisBrcBhTFkz1IUnGDYnX6ZWfFzH8zOixUDtHW9Ip+r+7MfMFav2rzy7cIHc7rgIg7xjhWBoo1mS/U26j4g=="
    },
    "debug": {
      "version": "2.6.9",
      "resolved": "https://registry.npmjs.org/debug/-/debug-2.6.9.tgz",
      "integrity": "sha512-bC7ElrdJaJnPbAP+1EotYvqZsb3ecl5wi6Bfi6BJTUcNowp6cvspg0jXznRTKDjm/E7AdgFBVeAPVMNcKGsHMA==",
      "requires": {
        "ms": "2.0.0"
      }
    },
    "easy": {
      "version": "13.0.42",
      "resolved": "https://registry.npmjs.org/easy/-/easy-13.0.42.tgz",
      "integrity": "sha512-tiVjlKrrcUEWPMVCKJNIC0YLwjY2M8CSvNhEsNNJuCuZuCZmgpFGaq7GBxwPdOrhaAr/S2cYVGDF7/2UiD3h3w=="
    },
    "font-awesome": {
      "version": "4.6.3",
      "resolved": "https://registry.npmjs.org/font-awesome/-/font-awesome-4.6.3.tgz",
      "integrity": "sha512-I5rWuHv7MI5uYDGFT1SJohxdkTfks41QQ9fvMEzvBnWppsehXnoj8LNuW4MGtawSrHvApYVhCZSC7rk5wDycyw=="
    },
    "google-maps-utility-library-v3-markerwithlabel": {
      "version": "1.1.10",
      "resolved": "https://registry.npmjs.org/google-maps-utility-library-v3-markerwithlabel/-/google-maps-utility-library-v3-markerwithlabel-1.1.10.tgz",
      "integrity": "sha512-+ND3EHJmRABPBs/g5vAPXpWQSLjbuNeccVZ1kVGVzrdptuXHF4+wNfJvzk9fmCveLA0VbcZ9k4WwsxsoTDeW4A=="
    },
    "jquery": {
      "version": "3.6.0",
      "resolved": "https://registry.npmjs.org/jquery/-/jquery-3.6.0.tgz",
      "integrity": "sha512-JVzAR/AjBvVt2BmYhxRCSYysDsPcssdmTFnzyLEts9qNwmjmu4JTAMYubEfwVOSwpQ1I1sKKFcxhZCI2buerfw=="
    },
    "js-rich-marker": {
      "version": "1.1.2",
      "resolved": "https://registry.npmjs.org/js-rich-marker/-/js-rich-marker-1.1.2.tgz",
      "integrity": "sha512-DB3gd6dEdkEKj4A9qFOtGIdmqfjBXRAeCxrejH0oTuLWE5ar2Gq3u1M57MTcQVdSRIS/1V/Y2tDVgrYDsv128w=="
    },
    "juxtapose": {
      "version": "4.0.42",
      "resolved": "https://registry.npmjs.org/juxtapose/-/juxtapose-4.0.42.tgz",
      "integrity": "sha512-U31zecrUKmRA5d7XEGg6MEUgSGwUogQ9HKiZQrAJXgoIo2M75YWEl8JDYWz+MucCU+B1e1AF6657yDeJe53PQA==",
      "requires": {
        "easy": "^13.0.41"
      }
    },
    "lodash": {
      "version": "4.17.21",
      "resolved": "https://registry.npmjs.org/lodash/-/lodash-4.17.21.tgz",
      "integrity": "sha512-v2kDEe57lecTulaDIuNTPy3Ry4gLGJ6Z1O3vE1krgXZNrsQ+LFTGHVxVjcXPs17LhbZVGedAJv8XZ1tvj5FvSg=="
    },
    "markerclustererplus": {
      "version": "2.1.4",
      "resolved": "https://registry.npmjs.org/markerclustererplus/-/markerclustererplus-2.1.4.tgz",
      "integrity": "sha512-5puqGiaFybkc/IhFoJQbSA3VvlmX2hDFbSLpbua/PzKmJ6i7esztDxP47y7Ub5iKy6yIpRm8g6sy3tGlkSJfVg=="
    },
    "ms": {
      "version": "2.0.0",
      "resolved": "https://registry.npmjs.org/ms/-/ms-2.0.0.tgz",
      "integrity": "sha512-Tpp60P6IUJDTuOq/5Z8cdskzJujfwqfOTkrwIwj7IRISpnkJnT6SyJ4PCPnGMoFjC9ddhal5KVIYtAt97ix05A=="
    },
    "ng-juxtapose": {
      "version": "1.0.2",
      "resolved": "https://registry.npmjs.org/ng-juxtapose/-/ng-juxtapose-1.0.2.tgz",
      "integrity": "sha512-2NQOtNIQv5TkxcTbFFcs03/AABfQFXWPOw7XJzli4wDYkZHH74X6ewOMHIU4DV17Is1hWIIxdPaguXyme+c/WQ=="
    },
    "ngmap": {
      "version": "1.17.0",
      "resolved": "https://registry.npmjs.org/ngmap/-/ngmap-1.17.0.tgz",
      "integrity": "sha512-9UhFjaOVPy7KDwzxDjvu0KApGKD/df37qVyAYLKUEhB1m/fO6z0PhvPoWNWViEtH9tgwNEW63sQIubvIE/GbVw=="
    },
    "sweetalert": {
      "version": "1.1.3",
      "resolved": "https://registry.npmjs.org/sweetalert/-/sweetalert-1.1.3.tgz",
      "integrity": "sha512-qRyiD2XvkXY6nJxAkYIZhE5072Rz05mJsQJxV9FYYKMljCrjGjga9bKdDKljyB715JRaKmeXvICVTMfimsQ0Ww=="
    }
  }
}
